<Project ToolsVersion="4.0" xmlns="http://schemas.microsoft.com/developer/msbuild/2003">
  <ItemGroup>
    <Filter Include="Source Files">
      <UniqueIdentifier>{4FC737F1-C7A5-4376-A066-2A32D752A2FF}</UniqueIdentifier>
      <Extensions>cpp;c;cc;cxx;def;odl;idl;hpj;bat;asm;asmx</Extensions>
    </Filter>
    <Filter Include="Header Files">
      <UniqueIdentifier>{93995380-89BD-4b04-88EB-625FBE52EBFB}</UniqueIdentifier>
      <Extensions>h;hpp;hxx;hm;inl;inc;xsd</Extensions>
    </Filter>
    <Filter Include="Resource Files">
      <UniqueIdentifier>{67DA6AB6-F800-4c08-8B7A-83BB121AAD01}</UniqueIdentifier>
      <Extensions>rc;ico;cur;bmp;dlg;rc2;rct;bin;rgs;gif;jpg;jpeg;jpe;resx;tiff;tif;png;wav</Extensions>
    </Filter>
    <Filter Include="Blocks">
      <UniqueIdentifier>{EE566147-1443-4128-97F4-88FA882D3342}</UniqueIdentifier>
    </Filter>
    <Filter Include="Blocks\Cinder-HTTP(S)">
      <UniqueIdentifier>{3CAB1703-61BA-42E6-AA5B-E4CE2C4F83D5}</UniqueIdentifier>
    </Filter>
    <Filter Include="Blocks\Cinder-HTTP(S)\src">
      <UniqueIdentifier>{3518D9EA-5588-4B19-ABDE-8776C8D2ECF3}</UniqueIdentifier>
    </Filter>
    <Filter Include="Blocks\Cinder-HTTP(S)\src\cinder">
      <UniqueIdentifier>{6EAC6E00-B81C-4447-9DDC-AAB2F48CC254}</UniqueIdentifier>
    </Filter>
    <Filter Include="Blocks\Cinder-HTTP(S)\src\cinder\http">
      <UniqueIdentifier>{5A5BE26D-9A9D-4881-A4A5-ED959EFE5ACB}</UniqueIdentifier>
    </Filter>
    <Filter Include="Blocks\ImGui">
      <UniqueIdentifier>{D68A1744-D9BC-49EC-85A6-F0684FA171A7}</UniqueIdentifier>
    </Filter>
    <Filter Include="Blocks\ImGui\include">
      <UniqueIdentifier>{FF439582-B0B1-4873-9052-9E419245F9F2}</UniqueIdentifier>
    </Filter>
    <Filter Include="Blocks\ImGui\lib">
      <UniqueIdentifier>{2C9471EC-A4D5-460B-9344-0E0CEE510A29}</UniqueIdentifier>
    </Filter>
    <Filter Include="Blocks\ImGui\lib\imgui">
      <UniqueIdentifier>{68150B3F-DB61-42DC-98A4-5FC3EF459D2E}</UniqueIdentifier>
    </Filter>
    <Filter Include="Blocks\ImGui\src">
      <UniqueIdentifier>{F5305DAA-46BC-4C5C-B710-9277034E22A0}</UniqueIdentifier>
    </Filter>
    <Filter Include="Blocks\Midi2">
      <UniqueIdentifier>{B0C6CFEB-1C2A-46A9-B0D9-FE8A359D945A}</UniqueIdentifier>
    </Filter>
    <Filter Include="Blocks\Midi2\include">
      <UniqueIdentifier>{FE9D0C77-BA8A-402C-9329-E7E54B037A3B}</UniqueIdentifier>
    </Filter>
    <Filter Include="Blocks\Midi2\lib">
      <UniqueIdentifier>{535B3E2E-B704-438A-A1C1-2E87D4E1420E}</UniqueIdentifier>
    </Filter>
    <Filter Include="Blocks\Midi2\src">
      <UniqueIdentifier>{29EE7506-D10F-48DF-BE0F-9C867BB505DC}</UniqueIdentifier>
    </Filter>
    <Filter Include="Blocks\Cinder-VD">
      <UniqueIdentifier>{9A23BF28-ACEB-4D83-8EED-D42BC12C180C}</UniqueIdentifier>
    </Filter>
    <Filter Include="Blocks\Cinder-VD\include">
      <UniqueIdentifier>{03055547-F989-444E-9278-79AB6B5281FE}</UniqueIdentifier>
    </Filter>
    <Filter Include="Blocks\Cinder-VD\src">
      <UniqueIdentifier>{A502BAE2-E3BA-4958-8C80-A3803FC68021}</UniqueIdentifier>
    </Filter>
    <Filter Include="Blocks\Cinder-VDUI">
      <UniqueIdentifier>{5605BF70-0500-4BC4-AF97-36602EB77708}</UniqueIdentifier>
    </Filter>
    <Filter Include="Blocks\Cinder-VDUI\include">
      <UniqueIdentifier>{0CB1322C-3905-44E8-9321-0A3F78AF9140}</UniqueIdentifier>
    </Filter>
    <Filter Include="Blocks\Cinder-VDUI\src">
      <UniqueIdentifier>{C5115BF6-9E60-45DB-A063-0BC3CD293265}</UniqueIdentifier>
    </Filter>
    <Filter Include="Blocks\Cinder-Warping">
      <UniqueIdentifier>{70DFDDA2-E4B1-4E9F-A981-9DB0F67E7624}</UniqueIdentifier>
    </Filter>
    <Filter Include="Blocks\Cinder-Warping\include">
      <UniqueIdentifier>{4C94F93E-69B8-4F9F-85AA-2EA04B1F0841}</UniqueIdentifier>
    </Filter>
    <Filter Include="Blocks\Cinder-Warping\src">
      <UniqueIdentifier>{2AEA3C47-FC68-4344-AE9C-F6A82B5C70F2}</UniqueIdentifier>
    </Filter>
    <Filter Include="Blocks\Cinder-WebSocketPP">
      <UniqueIdentifier>{F9A8CF32-0323-4678-AC99-F1B2657F3077}</UniqueIdentifier>
    </Filter>
    <Filter Include="Blocks\Cinder-WebSocketPP\src">
      <UniqueIdentifier>{380E3426-116D-491F-97F3-99583D4B9A2A}</UniqueIdentifier>
    </Filter>
    <Filter Include="Blocks\WMFVideo">
      <UniqueIdentifier>{8E87DFD0-FFD2-47DE-B509-640B463F4B43}</UniqueIdentifier>
    </Filter>
    <Filter Include="Blocks\WMFVideo\src">
      <UniqueIdentifier>{AA09253D-CB87-4AD8-A2B0-1E1FF1841D1E}</UniqueIdentifier>
    </Filter>
    <Filter Include="Blocks\WMFVideo\src\presenter">
      <UniqueIdentifier>{3F8C32BA-0123-4B08-B086-C1D41FEE43EB}</UniqueIdentifier>
    </Filter>
    <Filter Include="Blocks\WMFVideo\src\presenter\common">
      <UniqueIdentifier>{421E1695-3639-4E26-8AD0-D4B149D776B8}</UniqueIdentifier>
    </Filter>
    <Filter Include="Blocks\OSC">
      <UniqueIdentifier>{9181FA7B-5664-4682-851D-7AA4D0905B5D}</UniqueIdentifier>
    </Filter>
    <Filter Include="Blocks\OSC\src">
      <UniqueIdentifier>{8DD88F8E-1C21-4155-9AE3-F0F1D40C0A4F}</UniqueIdentifier>
    </Filter>
    <Filter Include="Blocks\OSC\src\cinder">
      <UniqueIdentifier>{4B8CD067-E821-4FEA-8DF5-9E6DBE084E72}</UniqueIdentifier>
    </Filter>
    <Filter Include="Blocks\OSC\src\cinder\osc">
      <UniqueIdentifier>{E97B29FF-B54E-49F8-8932-DEBFF7EF3325}</UniqueIdentifier>
    </Filter>
    <Filter Include="debug">
      <UniqueIdentifier>{80de8d04-c84e-4d76-bf19-2cddc45df5ea}</UniqueIdentifier>
    </Filter>
    <Filter Include="release">
      <UniqueIdentifier>{b9549f35-f791-4b12-a4dc-d92ee93c28d7}</UniqueIdentifier>
    </Filter>
    <Filter Include="assets">
      <UniqueIdentifier>{16794b1d-99a6-4438-9a12-0e13a674cc7a}</UniqueIdentifier>
    </Filter>
  </ItemGroup>
  <ItemGroup>
    <ClCompile Include="..\src\RewriteApp.cpp">
      <Filter>Source Files</Filter>
    </ClCompile>
    <ClInclude Include="..\include\Resources.h">
      <Filter>Header Files</Filter>
    </ClInclude>
    <ClCompile Include="..\src\RewriteApp.cpp">
      <Filter>Source Files</Filter>
    </ClCompile>
    <ClInclude Include="..\..\..\Cinder\blocks\Cinder-HTTP\src\cinder\http\connector.hpp">
      <Filter>Blocks\Cinder-HTTP(S)\src\cinder\http</Filter>
    </ClInclude>
    <ClInclude Include="..\..\..\Cinder\blocks\Cinder-HTTP\src\cinder\http\error_codes.hpp">
      <Filter>Blocks\Cinder-HTTP(S)\src\cinder\http</Filter>
    </ClInclude>
    <ClInclude Include="..\..\..\Cinder\blocks\Cinder-HTTP\src\cinder\http\handshaker.hpp">
      <Filter>Blocks\Cinder-HTTP(S)\src\cinder\http</Filter>
    </ClInclude>
    <ClInclude Include="..\..\..\Cinder\blocks\Cinder-HTTP\src\cinder\http\headers.hpp">
      <Filter>Blocks\Cinder-HTTP(S)\src\cinder\http</Filter>
    </ClInclude>
    <ClInclude Include="..\..\..\Cinder\blocks\Cinder-HTTP\src\cinder\http\http.hpp">
      <Filter>Blocks\Cinder-HTTP(S)\src\cinder\http</Filter>
    </ClInclude>
    <ClInclude Include="..\..\..\Cinder\blocks\Cinder-HTTP\src\cinder\http\parsers.hpp">
      <Filter>Blocks\Cinder-HTTP(S)\src\cinder\http</Filter>
    </ClInclude>
    <ClInclude Include="..\..\..\Cinder\blocks\Cinder-HTTP\src\cinder\http\request_response.hpp">
      <Filter>Blocks\Cinder-HTTP(S)\src\cinder\http</Filter>
    </ClInclude>
    <ClInclude Include="..\..\..\Cinder\blocks\Cinder-HTTP\src\cinder\http\requester.hpp">
      <Filter>Blocks\Cinder-HTTP(S)\src\cinder\http</Filter>
    </ClInclude>
    <ClInclude Include="..\..\..\Cinder\blocks\Cinder-HTTP\src\cinder\http\responder.hpp">
      <Filter>Blocks\Cinder-HTTP(S)\src\cinder\http</Filter>
    </ClInclude>
    <ClInclude Include="..\..\..\Cinder\blocks\Cinder-HTTP\src\cinder\http\url.hpp">
      <Filter>Blocks\Cinder-HTTP(S)\src\cinder\http</Filter>
    </ClInclude>
    <ClInclude Include="..\..\..\Cinder\blocks\Cinder-ImGui\include\CinderImGui.h">
      <Filter>Blocks\ImGui\include</Filter>
    </ClInclude>
    <ClInclude Include="..\..\..\Cinder\blocks\Cinder-ImGui\include\imgui_user.h">
      <Filter>Blocks\ImGui\include</Filter>
    </ClInclude>
    <ClInclude Include="..\..\..\Cinder\blocks\Cinder-ImGui\include\imgui_user.inl">
      <Filter>Blocks\ImGui\include</Filter>
    </ClInclude>
    <ClInclude Include="..\..\..\Cinder\blocks\Cinder-ImGui\lib\imgui\imconfig.h">
      <Filter>Blocks\ImGui\lib\imgui</Filter>
    </ClInclude>
    <ClInclude Include="..\..\..\Cinder\blocks\Cinder-ImGui\lib\imgui\imgui.h">
      <Filter>Blocks\ImGui\lib\imgui</Filter>
    </ClInclude>
    <ClInclude Include="..\..\..\Cinder\blocks\Cinder-ImGui\lib\imgui\imgui_internal.h">
      <Filter>Blocks\ImGui\lib\imgui</Filter>
    </ClInclude>
    <ClCompile Include="..\..\..\Cinder\blocks\Cinder-ImGui\src\CinderImGui.cpp">
      <Filter>Blocks\ImGui\src</Filter>
    </ClCompile>
    <ClCompile Include="..\..\..\Cinder\blocks\Cinder-ImGui\lib\imgui\imgui.cpp">
      <Filter>Blocks\ImGui\lib\imgui</Filter>
    </ClCompile>
    <ClCompile Include="..\..\..\Cinder\blocks\Cinder-ImGui\lib\imgui\imgui_draw.cpp">
      <Filter>Blocks\ImGui\lib\imgui</Filter>
    </ClCompile>
    <ClCompile Include="..\..\..\Cinder\blocks\Cinder-ImGui\lib\imgui\imgui_demo.cpp">
      <Filter>Blocks\ImGui\lib\imgui</Filter>
    </ClCompile>
    <ClInclude Include="..\..\..\Cinder\blocks\Cinder-MIDI2\include\MidiConstants.h">
      <Filter>Blocks\Midi2\include</Filter>
    </ClInclude>
    <ClInclude Include="..\..\..\Cinder\blocks\Cinder-MIDI2\include\MidiExceptions.h">
      <Filter>Blocks\Midi2\include</Filter>
    </ClInclude>
    <ClInclude Include="..\..\..\Cinder\blocks\Cinder-MIDI2\include\MidiHeaders.h">
      <Filter>Blocks\Midi2\include</Filter>
    </ClInclude>
    <ClInclude Include="..\..\..\Cinder\blocks\Cinder-MIDI2\include\MidiHub.h">
      <Filter>Blocks\Midi2\include</Filter>
    </ClInclude>
    <ClInclude Include="..\..\..\Cinder\blocks\Cinder-MIDI2\include\MidiIn.h">
      <Filter>Blocks\Midi2\include</Filter>
    </ClInclude>
    <ClInclude Include="..\..\..\Cinder\blocks\Cinder-MIDI2\include\MidiMessage.h">
      <Filter>Blocks\Midi2\include</Filter>
    </ClInclude>
    <ClInclude Include="..\..\..\Cinder\blocks\Cinder-MIDI2\include\MidiOut.h">
      <Filter>Blocks\Midi2\include</Filter>
    </ClInclude>
    <ClInclude Include="..\..\..\Cinder\blocks\Cinder-MIDI2\lib\RtError.h">
      <Filter>Blocks\Midi2\lib</Filter>
    </ClInclude>
    <ClInclude Include="..\..\..\Cinder\blocks\Cinder-MIDI2\lib\RtMidi.h">
      <Filter>Blocks\Midi2\lib</Filter>
    </ClInclude>
    <ClCompile Include="..\..\..\Cinder\blocks\Cinder-MIDI2\src\MidiHub.cpp">
      <Filter>Blocks\Midi2\src</Filter>
    </ClCompile>
    <ClCompile Include="..\..\..\Cinder\blocks\Cinder-MIDI2\src\MidiIn.cpp">
      <Filter>Blocks\Midi2\src</Filter>
    </ClCompile>
    <ClCompile Include="..\..\..\Cinder\blocks\Cinder-MIDI2\src\MidiMessage.cpp">
      <Filter>Blocks\Midi2\src</Filter>
    </ClCompile>
    <ClCompile Include="..\..\..\Cinder\blocks\Cinder-MIDI2\src\MidiOut.cpp">
      <Filter>Blocks\Midi2\src</Filter>
    </ClCompile>
    <ClCompile Include="..\..\..\Cinder\blocks\Cinder-MIDI2\lib\RtMidi.cpp">
      <Filter>Blocks\Midi2\lib</Filter>
    </ClCompile>
    <ClInclude Include="..\blocks\Cinder-VD\include\VDAnimation.h">
      <Filter>Blocks\Cinder-VD\include</Filter>
    </ClInclude>
    <ClInclude Include="..\blocks\Cinder-VD\include\VDFbo.h">
      <Filter>Blocks\Cinder-VD\include</Filter>
    </ClInclude>
    <ClInclude Include="..\blocks\Cinder-VD\include\VDLog.h">
      <Filter>Blocks\Cinder-VD\include</Filter>
    </ClInclude>
    <ClInclude Include="..\blocks\Cinder-VD\include\VDRouter.h">
      <Filter>Blocks\Cinder-VD\include</Filter>
    </ClInclude>
    <ClInclude Include="..\blocks\Cinder-VD\include\VDSession.h">
      <Filter>Blocks\Cinder-VD\include</Filter>
    </ClInclude>
    <ClInclude Include="..\blocks\Cinder-VD\include\VDSettings.h">
      <Filter>Blocks\Cinder-VD\include</Filter>
    </ClInclude>
    <ClInclude Include="..\blocks\Cinder-VD\include\VDShader.h">
      <Filter>Blocks\Cinder-VD\include</Filter>
    </ClInclude>
    <ClInclude Include="..\blocks\Cinder-VD\include\VDTexture.h">
      <Filter>Blocks\Cinder-VD\include</Filter>
    </ClInclude>
    <ClInclude Include="..\blocks\Cinder-VD\include\VDUtils.h">
      <Filter>Blocks\Cinder-VD\include</Filter>
    </ClInclude>
    <ClInclude Include="..\blocks\Cinder-VD\include\VDWebsocket.h">
      <Filter>Blocks\Cinder-VD\include</Filter>
    </ClInclude>
    <ClCompile Include="..\blocks\Cinder-VD\src\VDAnimation.cpp">
      <Filter>Blocks\Cinder-VD\src</Filter>
    </ClCompile>
    <ClCompile Include="..\blocks\Cinder-VD\src\VDFbo.cpp">
      <Filter>Blocks\Cinder-VD\src</Filter>
    </ClCompile>
    <ClCompile Include="..\blocks\Cinder-VD\src\VDLog.cpp">
      <Filter>Blocks\Cinder-VD\src</Filter>
    </ClCompile>
    <ClCompile Include="..\blocks\Cinder-VD\src\VDRouter.cpp">
      <Filter>Blocks\Cinder-VD\src</Filter>
    </ClCompile>
    <ClCompile Include="..\blocks\Cinder-VD\src\VDSession.cpp">
      <Filter>Blocks\Cinder-VD\src</Filter>
    </ClCompile>
    <ClCompile Include="..\blocks\Cinder-VD\src\VDSettings.cpp">
      <Filter>Blocks\Cinder-VD\src</Filter>
    </ClCompile>
    <ClCompile Include="..\blocks\Cinder-VD\src\VDShader.cpp">
      <Filter>Blocks\Cinder-VD\src</Filter>
    </ClCompile>
    <ClCompile Include="..\blocks\Cinder-VD\src\VDTexture.cpp">
      <Filter>Blocks\Cinder-VD\src</Filter>
    </ClCompile>
    <ClCompile Include="..\blocks\Cinder-VD\src\VDUtils.cpp">
      <Filter>Blocks\Cinder-VD\src</Filter>
    </ClCompile>
    <ClCompile Include="..\blocks\Cinder-VD\src\VDWebsocket.cpp">
      <Filter>Blocks\Cinder-VD\src</Filter>
    </ClCompile>
    <ClInclude Include="..\blocks\Cinder-VDUI\include\VDUI.h">
      <Filter>Blocks\Cinder-VDUI\include</Filter>
    </ClInclude>
    <ClInclude Include="..\blocks\Cinder-VDUI\include\VDUIAnimation.h">
      <Filter>Blocks\Cinder-VDUI\include</Filter>
    </ClInclude>
    <ClInclude Include="..\blocks\Cinder-VDUI\include\VDUIAudio.h">
      <Filter>Blocks\Cinder-VDUI\include</Filter>
    </ClInclude>
    <ClInclude Include="..\blocks\Cinder-VDUI\include\VDUIBlend.h">
      <Filter>Blocks\Cinder-VDUI\include</Filter>
    </ClInclude>
    <ClInclude Include="..\blocks\Cinder-VDUI\include\VDUIColor.h">
      <Filter>Blocks\Cinder-VDUI\include</Filter>
    </ClInclude>
    <ClInclude Include="..\blocks\Cinder-VDUI\include\VDUIFbos.h">
      <Filter>Blocks\Cinder-VDUI\include</Filter>
    </ClInclude>
    <ClInclude Include="..\blocks\Cinder-VDUI\include\VDUIMidi.h">
      <Filter>Blocks\Cinder-VDUI\include</Filter>
    </ClInclude>
    <ClInclude Include="..\blocks\Cinder-VDUI\include\VDUIMouse.h">
      <Filter>Blocks\Cinder-VDUI\include</Filter>
    </ClInclude>
    <ClInclude Include="..\blocks\Cinder-VDUI\include\VDUIOsc.h">
      <Filter>Blocks\Cinder-VDUI\include</Filter>
    </ClInclude>
    <ClInclude Include="..\blocks\Cinder-VDUI\include\VDUIRender.h">
      <Filter>Blocks\Cinder-VDUI\include</Filter>
    </ClInclude>
    <ClInclude Include="..\blocks\Cinder-VDUI\include\VDUIShaders.h">
      <Filter>Blocks\Cinder-VDUI\include</Filter>
    </ClInclude>
    <ClInclude Include="..\blocks\Cinder-VDUI\include\VDUITempo.h">
      <Filter>Blocks\Cinder-VDUI\include</Filter>
    </ClInclude>
    <ClInclude Include="..\blocks\Cinder-VDUI\include\VDUITextures.h">
      <Filter>Blocks\Cinder-VDUI\include</Filter>
    </ClInclude>
    <ClInclude Include="..\blocks\Cinder-VDUI\include\VDUIWebsockets.h">
      <Filter>Blocks\Cinder-VDUI\include</Filter>
    </ClInclude>
    <ClCompile Include="..\blocks\Cinder-VDUI\src\VDUI.cpp">
      <Filter>Blocks\Cinder-VDUI\src</Filter>
    </ClCompile>
    <ClCompile Include="..\blocks\Cinder-VDUI\src\VDUIAnimation.cpp">
      <Filter>Blocks\Cinder-VDUI\src</Filter>
    </ClCompile>
    <ClCompile Include="..\blocks\Cinder-VDUI\src\VDUIAudio.cpp">
      <Filter>Blocks\Cinder-VDUI\src</Filter>
    </ClCompile>
    <ClCompile Include="..\blocks\Cinder-VDUI\src\VDUIBlend.cpp">
      <Filter>Blocks\Cinder-VDUI\src</Filter>
    </ClCompile>
    <ClCompile Include="..\blocks\Cinder-VDUI\src\VDUIColor.cpp">
      <Filter>Blocks\Cinder-VDUI\src</Filter>
    </ClCompile>
    <ClCompile Include="..\blocks\Cinder-VDUI\src\VDUIFbos.cpp">
      <Filter>Blocks\Cinder-VDUI\src</Filter>
    </ClCompile>
    <ClCompile Include="..\blocks\Cinder-VDUI\src\VDUIMidi.cpp">
      <Filter>Blocks\Cinder-VDUI\src</Filter>
    </ClCompile>
    <ClCompile Include="..\blocks\Cinder-VDUI\src\VDUIMouse.cpp">
      <Filter>Blocks\Cinder-VDUI\src</Filter>
    </ClCompile>
    <ClCompile Include="..\blocks\Cinder-VDUI\src\VDUIOsc.cpp">
      <Filter>Blocks\Cinder-VDUI\src</Filter>
    </ClCompile>
    <ClCompile Include="..\blocks\Cinder-VDUI\src\VDUIRender.cpp">
      <Filter>Blocks\Cinder-VDUI\src</Filter>
    </ClCompile>
    <ClCompile Include="..\blocks\Cinder-VDUI\src\VDUIShaders.cpp">
      <Filter>Blocks\Cinder-VDUI\src</Filter>
    </ClCompile>
    <ClCompile Include="..\blocks\Cinder-VDUI\src\VDUITempo.cpp">
      <Filter>Blocks\Cinder-VDUI\src</Filter>
    </ClCompile>
    <ClCompile Include="..\blocks\Cinder-VDUI\src\VDUITextures.cpp">
      <Filter>Blocks\Cinder-VDUI\src</Filter>
    </ClCompile>
    <ClCompile Include="..\blocks\Cinder-VDUI\src\VDUIWebsockets.cpp">
      <Filter>Blocks\Cinder-VDUI\src</Filter>
    </ClCompile>
    <ClInclude Include="..\..\..\Cinder\blocks\Cinder-Warping\include\Warp.h">
      <Filter>Blocks\Cinder-Warping\include</Filter>
    </ClInclude>
    <ClCompile Include="..\..\..\Cinder\blocks\Cinder-Warping\src\Warp.cpp">
      <Filter>Blocks\Cinder-Warping\src</Filter>
    </ClCompile>
    <ClCompile Include="..\..\..\Cinder\blocks\Cinder-Warping\src\WarpBilinear.cpp">
      <Filter>Blocks\Cinder-Warping\src</Filter>
    </ClCompile>
    <ClCompile Include="..\..\..\Cinder\blocks\Cinder-Warping\src\WarpPerspective.cpp">
      <Filter>Blocks\Cinder-Warping\src</Filter>
    </ClCompile>
    <ClCompile Include="..\..\..\Cinder\blocks\Cinder-Warping\src\WarpPerspectiveBilinear.cpp">
      <Filter>Blocks\Cinder-Warping\src</Filter>
    </ClCompile>
    <ClCompile Include="..\..\..\Cinder\blocks\Cinder-WebSocketPP\src\WebSocketClient.cpp">
      <Filter>Blocks\Cinder-WebSocketPP\src</Filter>
    </ClCompile>
    <ClCompile Include="..\..\..\Cinder\blocks\Cinder-WebSocketPP\src\WebSocketConnection.cpp">
      <Filter>Blocks\Cinder-WebSocketPP\src</Filter>
    </ClCompile>
    <ClCompile Include="..\..\..\Cinder\blocks\Cinder-WebSocketPP\src\WebSocketServer.cpp">
      <Filter>Blocks\Cinder-WebSocketPP\src</Filter>
    </ClCompile>
    <ClInclude Include="..\..\..\Cinder\blocks\Cinder-WebSocketPP\src\WebSocketClient.h">
      <Filter>Blocks\Cinder-WebSocketPP\src</Filter>
    </ClInclude>
    <ClInclude Include="..\..\..\Cinder\blocks\Cinder-WebSocketPP\src\WebSocketConnection.h">
      <Filter>Blocks\Cinder-WebSocketPP\src</Filter>
    </ClInclude>
    <ClInclude Include="..\..\..\Cinder\blocks\Cinder-WebSocketPP\src\WebSocketServer.h">
      <Filter>Blocks\Cinder-WebSocketPP\src</Filter>
    </ClInclude>
    <ClCompile Include="..\..\..\Cinder\blocks\Cinder-WMFVideo\src\ciWMFVideoPlayer.cpp">
      <Filter>Blocks\WMFVideo\src</Filter>
    </ClCompile>
    <ClCompile Include="..\..\..\Cinder\blocks\Cinder-WMFVideo\src\ciWMFVideoPlayerUtils.cpp">
      <Filter>Blocks\WMFVideo\src</Filter>
    </ClCompile>
    <ClCompile Include="..\..\..\Cinder\blocks\Cinder-WMFVideo\src\presenter\PresentEngine.cpp">
      <Filter>Blocks\WMFVideo\src\presenter</Filter>
    </ClCompile>
    <ClCompile Include="..\..\..\Cinder\blocks\Cinder-WMFVideo\src\presenter\Presenter.cpp">
      <Filter>Blocks\WMFVideo\src\presenter</Filter>
    </ClCompile>
    <ClCompile Include="..\..\..\Cinder\blocks\Cinder-WMFVideo\src\presenter\PresenterHelpers.cpp">
      <Filter>Blocks\WMFVideo\src\presenter</Filter>
    </ClCompile>
    <ClCompile Include="..\..\..\Cinder\blocks\Cinder-WMFVideo\src\presenter\scheduler.cpp">
      <Filter>Blocks\WMFVideo\src\presenter</Filter>
    </ClCompile>
    <ClInclude Include="..\..\..\Cinder\blocks\Cinder-WMFVideo\src\ciWMFVideoPlayer.h">
      <Filter>Blocks\WMFVideo\src</Filter>
    </ClInclude>
    <ClInclude Include="..\..\..\Cinder\blocks\Cinder-WMFVideo\src\ciWMFVideoPlayerUtils.h">
      <Filter>Blocks\WMFVideo\src</Filter>
    </ClInclude>
    <ClInclude Include="..\..\..\Cinder\blocks\Cinder-WMFVideo\src\presenter\EVRPresenter.h">
      <Filter>Blocks\WMFVideo\src\presenter</Filter>
    </ClInclude>
    <ClInclude Include="..\..\..\Cinder\blocks\Cinder-WMFVideo\src\presenter\EVRPresenterUuid.h">
      <Filter>Blocks\WMFVideo\src\presenter</Filter>
    </ClInclude>
    <ClInclude Include="..\..\..\Cinder\blocks\Cinder-WMFVideo\src\presenter\PresentEngine.h">
      <Filter>Blocks\WMFVideo\src\presenter</Filter>
    </ClInclude>
    <ClInclude Include="..\..\..\Cinder\blocks\Cinder-WMFVideo\src\presenter\Presenter.h">
      <Filter>Blocks\WMFVideo\src\presenter</Filter>
    </ClInclude>
    <ClInclude Include="..\..\..\Cinder\blocks\Cinder-WMFVideo\src\presenter\PresenterHelpers.h">
      <Filter>Blocks\WMFVideo\src\presenter</Filter>
    </ClInclude>
    <ClInclude Include="..\..\..\Cinder\blocks\Cinder-WMFVideo\src\presenter\scheduler.h">
      <Filter>Blocks\WMFVideo\src\presenter</Filter>
    </ClInclude>
    <ClInclude Include="..\..\..\Cinder\blocks\Cinder-WMFVideo\src\presenter\common\AsyncCB.h">
      <Filter>Blocks\WMFVideo\src\presenter\common</Filter>
    </ClInclude>
    <ClInclude Include="..\..\..\Cinder\blocks\Cinder-WMFVideo\src\presenter\common\BufferLock.h">
      <Filter>Blocks\WMFVideo\src\presenter\common</Filter>
    </ClInclude>
    <ClInclude Include="..\..\..\Cinder\blocks\Cinder-WMFVideo\src\presenter\common\ClassFactory.h">
      <Filter>Blocks\WMFVideo\src\presenter\common</Filter>
    </ClInclude>
    <ClInclude Include="..\..\..\Cinder\blocks\Cinder-WMFVideo\src\presenter\common\common.h">
      <Filter>Blocks\WMFVideo\src\presenter\common</Filter>
    </ClInclude>
    <ClInclude Include="..\..\..\Cinder\blocks\Cinder-WMFVideo\src\presenter\common\critsec.h">
      <Filter>Blocks\WMFVideo\src\presenter\common</Filter>
    </ClInclude>
    <ClInclude Include="..\..\..\Cinder\blocks\Cinder-WMFVideo\src\presenter\common\GrowArray.h">
      <Filter>Blocks\WMFVideo\src\presenter\common</Filter>
    </ClInclude>
    <ClInclude Include="..\..\..\Cinder\blocks\Cinder-WMFVideo\src\presenter\common\linklist.h">
      <Filter>Blocks\WMFVideo\src\presenter\common</Filter>
    </ClInclude>
    <ClInclude Include="..\..\..\Cinder\blocks\Cinder-WMFVideo\src\presenter\common\logging.h">
      <Filter>Blocks\WMFVideo\src\presenter\common</Filter>
    </ClInclude>
    <ClInclude Include="..\..\..\Cinder\blocks\Cinder-WMFVideo\src\presenter\common\logmediatype.h">
      <Filter>Blocks\WMFVideo\src\presenter\common</Filter>
    </ClInclude>
    <ClInclude Include="..\..\..\Cinder\blocks\Cinder-WMFVideo\src\presenter\common\mediatype.h">
      <Filter>Blocks\WMFVideo\src\presenter\common</Filter>
    </ClInclude>
    <ClInclude Include="..\..\..\Cinder\blocks\Cinder-WMFVideo\src\presenter\common\mfutils.h">
      <Filter>Blocks\WMFVideo\src\presenter\common</Filter>
    </ClInclude>
    <ClInclude Include="..\..\..\Cinder\blocks\Cinder-WMFVideo\src\presenter\common\PropVar.h">
      <Filter>Blocks\WMFVideo\src\presenter\common</Filter>
    </ClInclude>
    <ClInclude Include="..\..\..\Cinder\blocks\Cinder-WMFVideo\src\presenter\common\registry.h">
      <Filter>Blocks\WMFVideo\src\presenter\common</Filter>
    </ClInclude>
    <ClInclude Include="..\..\..\Cinder\blocks\Cinder-WMFVideo\src\presenter\common\TinyMap.h">
      <Filter>Blocks\WMFVideo\src\presenter\common</Filter>
    </ClInclude>
    <ClInclude Include="..\..\..\Cinder\blocks\Cinder-WMFVideo\src\presenter\common\trace.h">
      <Filter>Blocks\WMFVideo\src\presenter\common</Filter>
    </ClInclude>
    <ClCompile Include="..\..\..\Cinder\blocks\OSC\src\cinder\osc\Osc.cpp">
      <Filter>Blocks\OSC\src\cinder\osc</Filter>
    </ClCompile>
    <ClInclude Include="..\..\..\Cinder\blocks\OSC\src\cinder\osc\Osc.h">
      <Filter>Blocks\OSC\src\cinder\osc</Filter>
    </ClInclude>
    <ClCompile Include="..\blocks\Cinder-VD\src\VDMix.cpp">
      <Filter>Blocks\Cinder-VD\src</Filter>
    </ClCompile>
    <ClCompile Include="..\blocks\Cinder-VDUI\src\VDUIWarps.cpp">
      <Filter>Blocks\Cinder-VDUI\src</Filter>
    </ClCompile>
  </ItemGroup>
  <ItemGroup>
    <ClInclude Include="..\include\Resources.h">
      <Filter>Header Files</Filter>
    </ClInclude>
    <ClInclude Include="..\blocks\Cinder-VD\include\VDMix.h">
      <Filter>Blocks\Cinder-VD\include</Filter>
    </ClInclude>
    <ClInclude Include="..\blocks\Cinder-VDUI\include\VDUIWarps.h">
      <Filter>Blocks\Cinder-VDUI\include</Filter>
    </ClInclude>
  </ItemGroup>
  <ItemGroup>
    <ResourceCompile Include="Resources.rc">
      <Filter>Resource Files</Filter>
    </ResourceCompile>
  </ItemGroup>
  <ItemGroup>
    <Xml Include="x64\Debug\VDRewrite.xml">
      <Filter>debug</Filter>
    </Xml>
    <Xml Include="x64\Release\VDRewrite.xml">
      <Filter>release</Filter>
    </Xml>
  </ItemGroup>
  <ItemGroup>
    <None Include="..\assets\debug.fs">
      <Filter>assets</Filter>
    </None>
    <None Include="..\assets\default.fs">
      <Filter>assets</Filter>
    </None>
    <None Include="..\assets\inputImage.fs">
      <Filter>assets</Filter>
    </None>
    <None Include="..\assets\passthrough.vs">
      <Filter>assets</Filter>
    </None>
    <None Include="..\assets\post.glsl">
      <Filter>assets</Filter>
    </None>
    <None Include="..\assets\shadertoy.vd">
      <Filter>assets</Filter>
    </None>
  </ItemGroup>
</Project>